
Microsoft Visual Studio Solution File, Format Version 12.00
# Visual Studio Version 17
VisualStudioVersion = 17.14.36109.1 d17.14
MinimumVisualStudioVersion = 10.0.40219.1
Project("{FAE04EC0-301F-11D3-BF4B-00C04F79EFBC}") = "New progect", "New progect\New progect.csproj", "{D07A74A3-FA2A-4B7F-AD2D-FF249F29E52F}"
EndProject
Global
	GlobalSection(SolutionConfigurationPlatforms) = preSolution
		Debug|Any CPU = Debug|Any CPU
		Release|Any CPU = Release|Any CPU
	EndGlobalSection
	GlobalSection(ProjectConfigurationPlatforms) = postSolution
		{D07A74A3-FA2A-4B7F-AD2D-FF249F29E52F}.Debug|Any CPU.ActiveCfg = Debug|Any CPU
		{D07A74A3-FA2A-4B7F-AD2D-FF249F29E52F}.Debug|Any CPU.Build.0 = Debug|Any CPU
		{D07A74A3-FA2A-4B7F-AD2D-FF249F29E52F}.Release|Any CPU.ActiveCfg = Release|Any CPU
		{D07A74A3-FA2A-4B7F-AD2D-FF249F29E52F}.Release|Any CPU.Build.0 = Release|Any CPU
	EndGlobalSection
	GlobalSection(SolutionProperties) = preSolution
		HideSolutionNode = FALSE
	EndGlobalSection
	GlobalSection(ExtensibilityGlobals) = postSolution
		SolutionGuid = {AA278EDA-ED62-4ADF-B589-FD602B7BF025}
	EndGlobalSection
EndGlobal
